
Microsoft Visual Studio Solution File, Format Version 12.00
# Visual Studio Version 16
VisualStudioVersion = 16.0.29709.97
MinimumVisualStudioVersion = 10.0.40219.1
Project("{8BC9CEB8-8B4A-11D0-8D11-00A0C91BC942}") = "001.extract_image_from_video", "001.extract_image_from_video\001.extract_image_from_video.vcxproj", "{15E5A5C4-9680-428D-ACB1-339F3B46DA8D}"
EndProject
Project("{2150E333-8FDC-42A3-9474-1A3956D46DE8}") = "Solution Items", "Solution Items", "{55679794-6B01-49BA-BE31-6DF8D6E0F42D}"
	ProjectSection(SolutionItems) = preProject
		ffmpeg.h = ffmpeg.h
		ffmpeg3.h = ffmpeg3.h
		sdl.h = sdl.h
		sdl1.h = sdl1.h
	EndProjectSection
EndProject
Project("{8BC9CEB8-8B4A-11D0-8D11-00A0C91BC942}") = "002.outputing_to_screen", "002.outputing_to_screen\002.outputing_to_screen.vcxproj", "{E57F644A-910C-47E1-8753-F24A6934028C}"
EndProject
Project("{8BC9CEB8-8B4A-11D0-8D11-00A0C91BC942}") = "003.playing_sound", "003.playing_sound\003.playing_sound.vcxproj", "{641D97C6-155F-4173-8801-B3EE4C256DF6}"
EndProject
Project("{8BC9CEB8-8B4A-11D0-8D11-00A0C91BC942}") = "003.only_sound", "003.only_sound\003.only_sound.vcxproj", "{CBEBEF48-F4A8-459E-A7D0-17B3571DDC5C}"
EndProject
Project("{8BC9CEB8-8B4A-11D0-8D11-00A0C91BC942}") = "003.sdl_audio", "003.sdl_audio\003.sdl_audio.vcxproj", "{BC5026CF-21C6-4CC6-9C27-2D191D6CBD73}"
EndProject
Project("{8BC9CEB8-8B4A-11D0-8D11-00A0C91BC942}") = "ffplay++", "ffplay++\ffplay++.vcxproj", "{BF967C2C-0CE1-441A-84AD-648817E02D9C}"
EndProject
Project("{8BC9CEB8-8B4A-11D0-8D11-00A0C91BC942}") = "003.playing_sound_sdl1", "003.playing_sound_sdl1\003.playing_sound_sdl1.vcxproj", "{5D65FF10-8268-4B90-AAF4-6C3ABFECB28A}"
EndProject
Project("{8BC9CEB8-8B4A-11D0-8D11-00A0C91BC942}") = "QtFFmpegPlayer", "QtFFmpegPlayer\QtFFmpegPlayer.vcxproj", "{45F9B646-4D0A-436B-99F3-BCEFB3434662}"
EndProject
Global
	GlobalSection(SolutionConfigurationPlatforms) = preSolution
		Debug|x64 = Debug|x64
		Debug|x86 = Debug|x86
		Release|x64 = Release|x64
		Release|x86 = Release|x86
	EndGlobalSection
	GlobalSection(ProjectConfigurationPlatforms) = postSolution
		{15E5A5C4-9680-428D-ACB1-339F3B46DA8D}.Debug|x64.ActiveCfg = Debug|x64
		{15E5A5C4-9680-428D-ACB1-339F3B46DA8D}.Debug|x64.Build.0 = Debug|x64
		{15E5A5C4-9680-428D-ACB1-339F3B46DA8D}.Debug|x86.ActiveCfg = Debug|Win32
		{15E5A5C4-9680-428D-ACB1-339F3B46DA8D}.Debug|x86.Build.0 = Debug|Win32
		{15E5A5C4-9680-428D-ACB1-339F3B46DA8D}.Release|x64.ActiveCfg = Release|x64
		{15E5A5C4-9680-428D-ACB1-339F3B46DA8D}.Release|x64.Build.0 = Release|x64
		{15E5A5C4-9680-428D-ACB1-339F3B46DA8D}.Release|x86.ActiveCfg = Release|Win32
		{15E5A5C4-9680-428D-ACB1-339F3B46DA8D}.Release|x86.Build.0 = Release|Win32
		{E57F644A-910C-47E1-8753-F24A6934028C}.Debug|x64.ActiveCfg = Debug|x64
		{E57F644A-910C-47E1-8753-F24A6934028C}.Debug|x64.Build.0 = Debug|x64
		{E57F644A-910C-47E1-8753-F24A6934028C}.Debug|x86.ActiveCfg = Debug|Win32
		{E57F644A-910C-47E1-8753-F24A6934028C}.Debug|x86.Build.0 = Debug|Win32
		{E57F644A-910C-47E1-8753-F24A6934028C}.Release|x64.ActiveCfg = Release|x64
		{E57F644A-910C-47E1-8753-F24A6934028C}.Release|x64.Build.0 = Release|x64
		{E57F644A-910C-47E1-8753-F24A6934028C}.Release|x86.ActiveCfg = Release|Win32
		{E57F644A-910C-47E1-8753-F24A6934028C}.Release|x86.Build.0 = Release|Win32
		{641D97C6-155F-4173-8801-B3EE4C256DF6}.Debug|x64.ActiveCfg = Debug|x64
		{641D97C6-155F-4173-8801-B3EE4C256DF6}.Debug|x64.Build.0 = Debug|x64
		{641D97C6-155F-4173-8801-B3EE4C256DF6}.Debug|x86.ActiveCfg = Debug|Win32
		{641D97C6-155F-4173-8801-B3EE4C256DF6}.Debug|x86.Build.0 = Debug|Win32
		{641D97C6-155F-4173-8801-B3EE4C256DF6}.Release|x64.ActiveCfg = Release|x64
		{641D97C6-155F-4173-8801-B3EE4C256DF6}.Release|x64.Build.0 = Release|x64
		{641D97C6-155F-4173-8801-B3EE4C256DF6}.Release|x86.ActiveCfg = Release|Win32
		{641D97C6-155F-4173-8801-B3EE4C256DF6}.Release|x86.Build.0 = Release|Win32
		{CBEBEF48-F4A8-459E-A7D0-17B3571DDC5C}.Debug|x64.ActiveCfg = Debug|x64
		{CBEBEF48-F4A8-459E-A7D0-17B3571DDC5C}.Debug|x64.Build.0 = Debug|x64
		{CBEBEF48-F4A8-459E-A7D0-17B3571DDC5C}.Debug|x86.ActiveCfg = Debug|Win32
		{CBEBEF48-F4A8-459E-A7D0-17B3571DDC5C}.Debug|x86.Build.0 = Debug|Win32
		{CBEBEF48-F4A8-459E-A7D0-17B3571DDC5C}.Release|x64.ActiveCfg = Release|x64
		{CBEBEF48-F4A8-459E-A7D0-17B3571DDC5C}.Release|x64.Build.0 = Release|x64
		{CBEBEF48-F4A8-459E-A7D0-17B3571DDC5C}.Release|x86.ActiveCfg = Release|Win32
		{CBEBEF48-F4A8-459E-A7D0-17B3571DDC5C}.Release|x86.Build.0 = Release|Win32
		{BC5026CF-21C6-4CC6-9C27-2D191D6CBD73}.Debug|x64.ActiveCfg = Debug|x64
		{BC5026CF-21C6-4CC6-9C27-2D191D6CBD73}.Debug|x64.Build.0 = Debug|x64
		{BC5026CF-21C6-4CC6-9C27-2D191D6CBD73}.Debug|x86.ActiveCfg = Debug|Win32
		{BC5026CF-21C6-4CC6-9C27-2D191D6CBD73}.Debug|x86.Build.0 = Debug|Win32
		{BC5026CF-21C6-4CC6-9C27-2D191D6CBD73}.Release|x64.ActiveCfg = Release|x64
		{BC5026CF-21C6-4CC6-9C27-2D191D6CBD73}.Release|x64.Build.0 = Release|x64
		{BC5026CF-21C6-4CC6-9C27-2D191D6CBD73}.Release|x86.ActiveCfg = Release|Win32
		{BC5026CF-21C6-4CC6-9C27-2D191D6CBD73}.Release|x86.Build.0 = Release|Win32
		{BF967C2C-0CE1-441A-84AD-648817E02D9C}.Debug|x64.ActiveCfg = Debug|x64
		{BF967C2C-0CE1-441A-84AD-648817E02D9C}.Debug|x64.Build.0 = Debug|x64
		{BF967C2C-0CE1-441A-84AD-648817E02D9C}.Debug|x86.ActiveCfg = Debug|Win32
		{BF967C2C-0CE1-441A-84AD-648817E02D9C}.Debug|x86.Build.0 = Debug|Win32
		{BF967C2C-0CE1-441A-84AD-648817E02D9C}.Release|x64.ActiveCfg = Release|x64
		{BF967C2C-0CE1-441A-84AD-648817E02D9C}.Release|x64.Build.0 = Release|x64
		{BF967C2C-0CE1-441A-84AD-648817E02D9C}.Release|x86.ActiveCfg = Release|Win32
		{BF967C2C-0CE1-441A-84AD-648817E02D9C}.Release|x86.Build.0 = Release|Win32
		{5D65FF10-8268-4B90-AAF4-6C3ABFECB28A}.Debug|x64.ActiveCfg = Debug|x64
		{5D65FF10-8268-4B90-AAF4-6C3ABFECB28A}.Debug|x64.Build.0 = Debug|x64
		{5D65FF10-8268-4B90-AAF4-6C3ABFECB28A}.Debug|x86.ActiveCfg = Debug|Win32
		{5D65FF10-8268-4B90-AAF4-6C3ABFECB28A}.Debug|x86.Build.0 = Debug|Win32
		{5D65FF10-8268-4B90-AAF4-6C3ABFECB28A}.Release|x64.ActiveCfg = Release|x64
		{5D65FF10-8268-4B90-AAF4-6C3ABFECB28A}.Release|x64.Build.0 = Release|x64
		{5D65FF10-8268-4B90-AAF4-6C3ABFECB28A}.Release|x86.ActiveCfg = Release|Win32
		{5D65FF10-8268-4B90-AAF4-6C3ABFECB28A}.Release|x86.Build.0 = Release|Win32
		{45F9B646-4D0A-436B-99F3-BCEFB3434662}.Debug|x64.ActiveCfg = Debug|Win32
		{45F9B646-4D0A-436B-99F3-BCEFB3434662}.Debug|x86.ActiveCfg = Debug|Win32
		{45F9B646-4D0A-436B-99F3-BCEFB3434662}.Debug|x86.Build.0 = Debug|Win32
		{45F9B646-4D0A-436B-99F3-BCEFB3434662}.Release|x64.ActiveCfg = Release|Win32
		{45F9B646-4D0A-436B-99F3-BCEFB3434662}.Release|x86.ActiveCfg = Release|Win32
		{45F9B646-4D0A-436B-99F3-BCEFB3434662}.Release|x86.Build.0 = Release|Win32
	EndGlobalSection
	GlobalSection(SolutionProperties) = preSolution
		HideSolutionNode = FALSE
	EndGlobalSection
	GlobalSection(ExtensibilityGlobals) = postSolution
		SolutionGuid = {EADECCAE-EDCF-4BB2-BC21-9FDB1AE3E440}
	EndGlobalSection
EndGlobal
