<?xml version="1.0" encoding="utf-8"?>
<Project ToolsVersion="4.0" xmlns="http://schemas.microsoft.com/developer/msbuild/2003">
  <ItemGroup>
    <ClCompile Include="main.cpp" />
    <ClCompile Include="desktop_record.cpp">
      <Filter>Source Files</Filter>
    </ClCompile>
    <ClCompile Include="audio_recorder.cpp">
      <Filter>Source Files</Filter>
    </ClCompile>
    <ClCompile Include="audio_recorder_qt.cpp">
      <Filter>Source Files</Filter>
    </ClCompile>
    <ClCompile Include="tests\test_audio_recorder_qt.h">
      <Filter>tests</Filter>
    </ClCompile>
    <ClCompile Include="encoder.cpp">
      <Filter>Source Files</Filter>
    </ClCompile>
    <ClCompile Include="screen_recorder.cpp">
      <Filter>Source Files</Filter>
    </ClCompile>
    <ClCompile Include="screen_recorder_directx.cpp">
      <Filter>Source Files</Filter>
    </ClCompile>
    <ClCompile Include="desktop_recorder.cpp">
      <Filter>Source Files</Filter>
    </ClCompile>
    <ClCompile Include="screen_recorder_gdigrab.cpp">
      <Filter>Source Files</Filter>
    </ClCompile>
  </ItemGroup>
  <ItemGroup>
    <Filter Include="Resource Files">
      <UniqueIdentifier>{D9D6E242-F8AF-46E4-B9FD-80ECBC20BA3E}</UniqueIdentifier>
      <Extensions>qrc;*</Extensions>
      <ParseFiles>false</ParseFiles>
    </Filter>
    <Filter Include="Source Files">
      <UniqueIdentifier>{4FC737F1-C7A5-4376-A066-2A32D752A2FF}</UniqueIdentifier>
      <Extensions>cpp;c;cc;cxx;def;odl;idl;hpj;bat;asm;asmx</Extensions>
      <ParseFiles>true</ParseFiles>
    </Filter>
    <Filter Include="Header Files">
      <UniqueIdentifier>{93995380-89BD-4b04-88EB-625FBE52EBFB}</UniqueIdentifier>
      <Extensions>h;hh;hpp;hxx;hm;inl;inc;xsd</Extensions>
      <ParseFiles>true</ParseFiles>
    </Filter>
    <Filter Include="Form Files">
      <UniqueIdentifier>{99349809-55BA-4b9d-BF79-8FDBB0286EB3}</UniqueIdentifier>
      <Extensions>ui</Extensions>
      <ParseFiles>true</ParseFiles>
    </Filter>
    <Filter Include="tests">
      <UniqueIdentifier>{41821739-5c21-42a3-b158-e61257d6914d}</UniqueIdentifier>
    </Filter>
  </ItemGroup>
  <ItemGroup>
    <QtMoc Include="desktop_record.h">
      <Filter>Header Files</Filter>
    </QtMoc>
  </ItemGroup>
  <ItemGroup>
    <QtUic Include="desktop_record.ui">
      <Filter>Form Files</Filter>
    </QtUic>
  </ItemGroup>
  <ItemGroup>
    <QtRcc Include="desktop_record.qrc">
      <Filter>Resource Files</Filter>
    </QtRcc>
  </ItemGroup>
  <ItemGroup>
    <ResourceCompile Include="005.desktop_record.rc" />
  </ItemGroup>
  <ItemGroup>
    <ClInclude Include="audio_recorder.h">
      <Filter>Header Files</Filter>
    </ClInclude>
    <ClInclude Include="audio_recorder_qt.h">
      <Filter>Header Files</Filter>
    </ClInclude>
    <ClInclude Include="tests\test_record_audio.h">
      <Filter>tests</Filter>
    </ClInclude>
    <ClInclude Include="encoder.h">
      <Filter>Header Files</Filter>
    </ClInclude>
    <ClInclude Include="screen_recorder.h">
      <Filter>Header Files</Filter>
    </ClInclude>
    <ClInclude Include="screen_recorder_directx.h">
      <Filter>Header Files</Filter>
    </ClInclude>
    <ClInclude Include="tests\test_screen_recorder_directx.h">
      <Filter>tests</Filter>
    </ClInclude>
    <ClInclude Include="tests\test_record_screen.h">
      <Filter>tests</Filter>
    </ClInclude>
    <ClInclude Include="desktop_recorder.h">
      <Filter>Header Files</Filter>
    </ClInclude>
    <ClInclude Include="tests\test_desktop_record.h">
      <Filter>tests</Filter>
    </ClInclude>
    <ClInclude Include="screen_recorder_gdigrab.h">
      <Filter>Header Files</Filter>
    </ClInclude>
  </ItemGroup>
</Project>