<?xml version="1.0" encoding="utf-8"?>
<Project ToolsVersion="4.0" xmlns="http://schemas.microsoft.com/developer/msbuild/2003">
  <ItemGroup>
    <Filter Include="Source Files">
      <UniqueIdentifier>{4FC737F1-C7A5-4376-A066-2A32D752A2FF}</UniqueIdentifier>
      <Extensions>cpp;c;cc;cxx;c++;def;odl;idl;hpj;bat;asm;asmx</Extensions>
    </Filter>
    <Filter Include="Header Files">
      <UniqueIdentifier>{93995380-89BD-4b04-88EB-625FBE52EBFB}</UniqueIdentifier>
      <Extensions>h;hh;hpp;hxx;h++;hm;inl;inc;ipp;xsd</Extensions>
    </Filter>
    <Filter Include="Resource Files">
      <UniqueIdentifier>{67DA6AB6-F800-4c08-8B7A-83BB121AAD01}</UniqueIdentifier>
      <Extensions>rc;ico;cur;bmp;dlg;rc2;rct;bin;rgs;gif;jpg;jpeg;jpe;resx;tiff;tif;png;wav;mfcribbon-ms</Extensions>
    </Filter>
    <Filter Include="Source Files\libavutil">
      <UniqueIdentifier>{ddbbfa49-e2c0-4887-a216-317f44be6e7d}</UniqueIdentifier>
    </Filter>
    <Filter Include="Source Files\livavcodec">
      <UniqueIdentifier>{0de2f800-d19d-473b-9b66-1733dc6bc912}</UniqueIdentifier>
    </Filter>
    <Filter Include="Source Files\livavcodec\x86">
      <UniqueIdentifier>{3d5e8ecb-acc3-44e1-9427-4ba054225375}</UniqueIdentifier>
    </Filter>
    <Filter Include="Source Files\libavutil\x86">
      <UniqueIdentifier>{5faec0cb-5189-4eed-bebd-83bcee74b666}</UniqueIdentifier>
    </Filter>
  </ItemGroup>
  <ItemGroup>
    <ClInclude Include="config.h">
      <Filter>Source Files</Filter>
    </ClInclude>
    <ClInclude Include="fftools\cmdutils.h">
      <Filter>Source Files</Filter>
    </ClInclude>
    <ClInclude Include="fftools\ffmpeg.h">
      <Filter>Source Files</Filter>
    </ClInclude>
    <ClInclude Include="libavutil\attributes.h">
      <Filter>Source Files\libavutil</Filter>
    </ClInclude>
    <ClInclude Include="libavutil\intfloat.h">
      <Filter>Source Files\libavutil</Filter>
    </ClInclude>
    <ClInclude Include="libavutil\libm.h">
      <Filter>Source Files\libavutil</Filter>
    </ClInclude>
    <ClInclude Include="libavutil\mathematics.h">
      <Filter>Source Files\libavutil</Filter>
    </ClInclude>
    <ClInclude Include="libavcodec\mathops.h">
      <Filter>Source Files\livavcodec</Filter>
    </ClInclude>
    <ClInclude Include="libavutil\reverse.h">
      <Filter>Source Files\libavutil</Filter>
    </ClInclude>
    <ClInclude Include="libavcodec\x86\mathops.h">
      <Filter>Source Files\livavcodec\x86</Filter>
    </ClInclude>
    <ClInclude Include="libavutil\x86\asm.h">
      <Filter>Source Files\libavutil\x86</Filter>
    </ClInclude>
    <ClInclude Include="libavutil\internal.h">
      <Filter>Source Files\libavutil</Filter>
    </ClInclude>
    <ClInclude Include="libavutil\x86\timer.h">
      <Filter>Source Files\libavutil\x86</Filter>
    </ClInclude>
    <ClInclude Include="libavutil\avassert.h">
      <Filter>Source Files\libavutil</Filter>
    </ClInclude>
    <ClInclude Include="libavutil\avutil.h">
      <Filter>Source Files\libavutil</Filter>
    </ClInclude>
    <ClInclude Include="libavutil\common.h">
      <Filter>Source Files\libavutil</Filter>
    </ClInclude>
    <ClInclude Include="libavutil\cpu.h">
      <Filter>Source Files\libavutil</Filter>
    </ClInclude>
    <ClInclude Include="libavutil\cpu_internal.h">
      <Filter>Source Files\libavutil</Filter>
    </ClInclude>
    <ClInclude Include="libavutil\dict.h">
      <Filter>Source Files\libavutil</Filter>
    </ClInclude>
    <ClInclude Include="libavutil\intmath.h">
      <Filter>Source Files\libavutil</Filter>
    </ClInclude>
    <ClInclude Include="libavutil\log.h">
      <Filter>Source Files\libavutil</Filter>
    </ClInclude>
    <ClInclude Include="libavutil\macros.h">
      <Filter>Source Files\libavutil</Filter>
    </ClInclude>
    <ClInclude Include="libavutil\mem.h">
      <Filter>Source Files\libavutil</Filter>
    </ClInclude>
    <ClInclude Include="libavutil\pixfmt.h">
      <Filter>Source Files\libavutil</Filter>
    </ClInclude>
    <ClInclude Include="libavutil\rational.h">
      <Filter>Source Files\libavutil</Filter>
    </ClInclude>
    <ClInclude Include="libavutil\timer.h">
      <Filter>Source Files\libavutil</Filter>
    </ClInclude>
    <ClInclude Include="libavutil\version.h">
      <Filter>Source Files\libavutil</Filter>
    </ClInclude>
  </ItemGroup>
  <ItemGroup>
    <ClCompile Include="fftools\cmdutils.cpp">
      <Filter>Source Files</Filter>
    </ClCompile>
    <ClCompile Include="fftools\ffmpeg.cpp">
      <Filter>Source Files</Filter>
    </ClCompile>
    <ClCompile Include="libavutil\mathematics.cpp">
      <Filter>Source Files\libavutil</Filter>
    </ClCompile>
    <ClCompile Include="libavutil\reverse.cpp">
      <Filter>Source Files\libavutil</Filter>
    </ClCompile>
    <ClCompile Include="fftools\ffmpeg_opt.cpp">
      <Filter>Source Files</Filter>
    </ClCompile>
    <ClCompile Include="fftools\ffmpeg_filter.cpp">
      <Filter>Source Files</Filter>
    </ClCompile>
    <ClCompile Include="fftools\ffmpeg_hw.cpp">
      <Filter>Source Files</Filter>
    </ClCompile>
    <ClCompile Include="libavutil\rational.cpp">
      <Filter>Source Files\libavutil</Filter>
    </ClCompile>
  </ItemGroup>
</Project>